
Microsoft Visual Studio Solution File, Format Version 12.00
# Visual Studio Version 16
VisualStudioVersion = 16.0.30413.136
MinimumVisualStudioVersion = 10.0.40219.1
Project("{FAE04EC0-301F-11D3-BF4B-00C04F79EFBC}") = "Serilog.Sinks.MySql.Tvans", "Serilog.Sinks.MySql.Tvans.csproj", "{4BBCAF26-2477-4A09-A05F-268DF9AFB11A}"
EndProject
Global
	GlobalSection(SolutionConfigurationPlatforms) = preSolution
		Debug|Any CPU = Debug|Any CPU
		Release|Any CPU = Release|Any CPU
	EndGlobalSection
	GlobalSection(ProjectConfigurationPlatforms) = postSolution
		{4BBCAF26-2477-4A09-A05F-268DF9AFB11A}.Debug|Any CPU.ActiveCfg = Debug|Any CPU
		{4BBCAF26-2477-4A09-A05F-268DF9AFB11A}.Debug|Any CPU.Build.0 = Debug|Any CPU
		{4BBCAF26-2477-4A09-A05F-268DF9AFB11A}.Release|Any CPU.ActiveCfg = Release|Any CPU
		{4BBCAF26-2477-4A09-A05F-268DF9AFB11A}.Release|Any CPU.Build.0 = Release|Any CPU
	EndGlobalSection
	GlobalSection(SolutionProperties) = preSolution
		HideSolutionNode = FALSE
	EndGlobalSection
	GlobalSection(ExtensibilityGlobals) = postSolution
		SolutionGuid = {3ABE184F-2E51-429B-B7C2-C58276A42252}
	EndGlobalSection
EndGlobal
